<?xml version="1.0" encoding="utf-8"?>
<Project ToolsVersion="15.0" xmlns="http://schemas.microsoft.com/developer/msbuild/2003">
  <ItemGroup>
    <ClCompile Include="..\..\src\omnicore\activation.cpp">
      <Filter>src</Filter>
    </ClCompile>
    <ClCompile Include="..\..\src\bitcoind.cpp">
      <Filter>src</Filter>
    </ClCompile>
    <ClCompile Include="..\..\src\omnicore\consensushash.cpp">
      <Filter>src</Filter>
    </ClCompile>
    <ClCompile Include="..\..\src\omnicore\convert.cpp">
      <Filter>src</Filter>
    </ClCompile>
    <ClCompile Include="..\..\src\omnicore\createpayload.cpp">
      <Filter>src</Filter>
    </ClCompile>
    <ClCompile Include="..\..\src\omnicore\createtx.cpp">
      <Filter>src</Filter>
    </ClCompile>
    <ClCompile Include="..\..\src\omnicore\dbbase.cpp">
      <Filter>src</Filter>
    </ClCompile>
    <ClCompile Include="..\..\src\omnicore\dbfees.cpp">
      <Filter>src</Filter>
    </ClCompile>
    <ClCompile Include="..\..\src\omnicore\dbspinfo.cpp">
      <Filter>src</Filter>
    </ClCompile>
    <ClCompile Include="..\..\src\omnicore\dbstolist.cpp">
      <Filter>src</Filter>
    </ClCompile>
    <ClCompile Include="..\..\src\omnicore\dbtradelist.cpp">
      <Filter>src</Filter>
    </ClCompile>
    <ClCompile Include="..\..\src\omnicore\dbtransaction.cpp">
      <Filter>src</Filter>
    </ClCompile>
    <ClCompile Include="..\..\src\omnicore\dbtxlist.cpp">
      <Filter>src</Filter>
    </ClCompile>
    <ClCompile Include="..\..\src\omnicore\dex.cpp">
      <Filter>src</Filter>
    </ClCompile>
    <ClCompile Include="..\..\src\omnicore\encoding.cpp">
      <Filter>src</Filter>
    </ClCompile>
    <ClCompile Include="..\..\src\omnicore\log.cpp">
      <Filter>src</Filter>
    </ClCompile>
    <ClCompile Include="..\..\src\omnicore\mdex.cpp">
      <Filter>src</Filter>
    </ClCompile>
    <ClCompile Include="..\..\src\omnicore\notifications.cpp">
      <Filter>src</Filter>
    </ClCompile>
    <ClCompile Include="..\..\src\omnicore\omnicore.cpp">
      <Filter>src</Filter>
    </ClCompile>
    <ClCompile Include="..\..\src\omnicore\parse_string.cpp">
      <Filter>src</Filter>
    </ClCompile>
    <ClCompile Include="..\..\src\omnicore\parsing.cpp">
      <Filter>src</Filter>
    </ClCompile>
    <ClCompile Include="..\..\src\omnicore\pending.cpp">
      <Filter>src</Filter>
    </ClCompile>
    <ClCompile Include="..\..\src\omnicore\persistence.cpp">
      <Filter>src</Filter>
    </ClCompile>
    <ClCompile Include="..\..\src\omnicore\rpc.cpp">
      <Filter>src</Filter>
    </ClCompile>
    <ClCompile Include="..\..\src\omnicore\rpcmbstring.cpp">
      <Filter>src</Filter>
    </ClCompile>
    <ClCompile Include="..\..\src\omnicore\rpcpayload.cpp">
      <Filter>src</Filter>
    </ClCompile>
    <ClCompile Include="..\..\src\omnicore\rpcrawtx.cpp">
      <Filter>src</Filter>
    </ClCompile>
    <ClCompile Include="..\..\src\omnicore\rpcrequirements.cpp">
      <Filter>src</Filter>
    </ClCompile>
    <ClCompile Include="..\..\src\omnicore\rpctx.cpp">
      <Filter>src</Filter>
    </ClCompile>
    <ClCompile Include="..\..\src\omnicore\rpctxobject.cpp">
      <Filter>src</Filter>
    </ClCompile>
    <ClCompile Include="..\..\src\omnicore\rpcvalues.cpp">
      <Filter>src</Filter>
    </ClCompile>
    <ClCompile Include="..\..\src\omnicore\rules.cpp">
      <Filter>src</Filter>
    </ClCompile>
    <ClCompile Include="..\..\src\omnicore\script.cpp">
      <Filter>src</Filter>
    </ClCompile>
    <ClCompile Include="..\..\src\omnicore\seedblocks.cpp">
      <Filter>src</Filter>
    </ClCompile>
    <ClCompile Include="..\..\src\omnicore\sp.cpp">
      <Filter>src</Filter>
    </ClCompile>
    <ClCompile Include="..\..\src\omnicore\sto.cpp">
      <Filter>src</Filter>
    </ClCompile>
    <ClCompile Include="..\..\src\omnicore\tally.cpp">
      <Filter>src</Filter>
    </ClCompile>
    <ClCompile Include="..\..\src\omnicore\tx.cpp">
      <Filter>src</Filter>
    </ClCompile>
    <ClCompile Include="..\..\src\omnicore\utilsbitcoin.cpp">
      <Filter>src</Filter>
    </ClCompile>
    <ClCompile Include="..\..\src\omnicore\utilsui.cpp">
      <Filter>src</Filter>
    </ClCompile>
    <ClCompile Include="..\..\src\omnicore\version.cpp">
      <Filter>src</Filter>
    </ClCompile>
    <ClCompile Include="..\..\src\omnicore\walletcache.cpp">
      <Filter>src</Filter>
    </ClCompile>
    <ClCompile Include="..\..\src\omnicore\walletfetchtxs.cpp">
      <Filter>src</Filter>
    </ClCompile>
    <ClCompile Include="..\..\src\omnicore\wallettxbuilder.cpp">
      <Filter>src</Filter>
    </ClCompile>
    <ClCompile Include="..\..\src\omnicore\walletutils.cpp">
      <Filter>src</Filter>
    </ClCompile>
  </ItemGroup>
  <ItemGroup>
    <ClInclude Include="..\..\src\rpc\protocol.h">
      <Filter>include</Filter>
    </ClInclude>
    <ClInclude Include="..\..\src\rpc\register.h">
      <Filter>include</Filter>
    </ClInclude>
    <ClInclude Include="..\..\src\rpc\server.h">
      <Filter>include</Filter>
    </ClInclude>
    <ClInclude Include="..\..\src\rpc\client.h">
      <Filter>include</Filter>
    </ClInclude>
    <ClInclude Include="..\..\src\bitcoind.h">
      <Filter>include</Filter>
    </ClInclude>
  </ItemGroup>
  <ItemGroup>
    <Filter Include="include">
      <UniqueIdentifier>{271a90b5-511c-45e6-bff3-182756eebd3d}</UniqueIdentifier>
    </Filter>
    <Filter Include="src">
      <UniqueIdentifier>{89989d9b-6610-440e-a3c6-25febffaf540}</UniqueIdentifier>
    </Filter>
  </ItemGroup>
</Project>